#MicroXplorer Configuration settings - do not modify
Dma.Request0=USART2_TX
Dma.Request1=USART1_RX
Dma.RequestsNb=2
Dma.USART1_RX.1.Direction=DMA_PERIPH_TO_MEMORY
Dma.USART1_RX.1.Instance=DMA1_Channel5
Dma.USART1_RX.1.MemDataAlignment=DMA_MDATAALIGN_BYTE
Dma.USART1_RX.1.MemInc=DMA_MINC_ENABLE
Dma.USART1_RX.1.Mode=DMA_CIRCULAR
Dma.USART1_RX.1.PeriphDataAlignment=DMA_PDATAALIGN_BYTE
Dma.USART1_RX.1.PeriphInc=DMA_PINC_DISABLE
Dma.USART1_RX.1.Priority=DMA_PRIORITY_LOW
Dma.USART1_RX.1.RequestParameters=Instance,Direction,PeriphInc,MemInc,PeriphDataAlignment,MemDataAlignment,Mode,Priority
Dma.USART2_TX.0.Direction=DMA_MEMORY_TO_PERIPH
Dma.USART2_TX.0.Instance=DMA1_Channel7
Dma.USART2_TX.0.MemDataAlignment=DMA_MDATAALIGN_BYTE
Dma.USART2_TX.0.MemInc=DMA_MINC_ENABLE
Dma.USART2_TX.0.Mode=DMA_NORMAL
Dma.USART2_TX.0.PeriphDataAlignment=DMA_PDATAALIGN_BYTE
Dma.USART2_TX.0.PeriphInc=DMA_PINC_DISABLE
Dma.USART2_TX.0.Priority=DMA_PRIORITY_LOW
Dma.USART2_TX.0.RequestParameters=Instance,Direction,PeriphInc,MemInc,PeriphDataAlignment,MemDataAlignment,Mode,Priority
FATFS.IPParameters=_MAX_SS,USE_DMA_CODE_SD,_USE_STRFUNC
FATFS.USE_DMA_CODE_SD=0
FATFS._MAX_SS=4096
FATFS._USE_STRFUNC=1
File.Version=6
I2C1.I2C_Speed_Mode=I2C_Fast
I2C1.IPParameters=I2C_Speed_Mode,Timing
I2C1.Timing=0x00702991
KeepUserPlacement=false
Mcu.Family=STM32L4
Mcu.IP0=DMA
Mcu.IP1=FATFS
Mcu.IP10=TIM16
Mcu.IP11=USART1
Mcu.IP12=USART2
Mcu.IP2=I2C1
Mcu.IP3=NVIC
Mcu.IP4=RCC
Mcu.IP5=SDMMC1
Mcu.IP6=SYS
Mcu.IP7=TIM2
Mcu.IP8=TIM6
Mcu.IP9=TIM15
Mcu.IPNb=13
Mcu.Name=STM32L431R(B-C)Tx
Mcu.Package=LQFP64
Mcu.Pin0=PC14-OSC32_IN (PC14)
Mcu.Pin1=PC15-OSC32_OUT (PC15)
Mcu.Pin10=PC8
Mcu.Pin11=PC9
Mcu.Pin12=PA9
Mcu.Pin13=PA10
Mcu.Pin14=PA11
Mcu.Pin15=PC10
Mcu.Pin16=PC11
Mcu.Pin17=PC12
Mcu.Pin18=PD2
Mcu.Pin19=PB6
Mcu.Pin2=PH0-OSC_IN (PH0)
Mcu.Pin20=PB7
Mcu.Pin21=PB8
Mcu.Pin22=PB9
Mcu.Pin23=VP_FATFS_VS_SDIO
Mcu.Pin24=VP_SYS_VS_Systick
Mcu.Pin25=VP_TIM2_VS_ClockSourceINT
Mcu.Pin26=VP_TIM6_VS_ClockSourceINT
Mcu.Pin27=VP_TIM15_VS_ClockSourceINT
Mcu.Pin28=VP_TIM16_VS_ClockSourceINT
Mcu.Pin3=PH1-OSC_OUT (PH1)
Mcu.Pin4=PA2
Mcu.Pin5=PA3
Mcu.Pin6=PB12
Mcu.Pin7=PB13
Mcu.Pin8=PB14
Mcu.Pin9=PB15
Mcu.PinsNb=29
Mcu.ThirdPartyNb=0
Mcu.UserConstants=
Mcu.UserName=STM32L431RBTx
MxCube.Version=4.25.1
MxDb.Version=DB.4.0.251
NVIC.BusFault_IRQn=true\:0\:0\:false\:false\:true\:false
NVIC.DMA1_Channel5_IRQn=true\:0\:0\:false\:false\:true\:false
NVIC.DMA1_Channel7_IRQn=true\:0\:0\:false\:false\:true\:false
NVIC.DebugMonitor_IRQn=true\:0\:0\:false\:false\:true\:false
NVIC.EXTI9_5_IRQn=true\:0\:0\:false\:false\:true\:true
NVIC.HardFault_IRQn=true\:0\:0\:false\:false\:true\:false
NVIC.MemoryManagement_IRQn=true\:0\:0\:false\:false\:true\:false
NVIC.NonMaskableInt_IRQn=true\:0\:0\:false\:false\:true\:false
NVIC.PendSV_IRQn=true\:0\:0\:false\:false\:true\:false
NVIC.PriorityGroup=NVIC_PRIORITYGROUP_4
NVIC.SVCall_IRQn=true\:0\:0\:false\:false\:true\:false
NVIC.SysTick_IRQn=true\:0\:0\:false\:false\:true\:false
NVIC.TIM1_BRK_TIM15_IRQn=true\:0\:0\:false\:false\:true\:true
NVIC.TIM1_UP_TIM16_IRQn=true\:0\:0\:false\:false\:true\:true
NVIC.TIM6_DAC_IRQn=true\:1\:0\:true\:false\:true\:true
NVIC.USART1_IRQn=true\:0\:0\:false\:false\:true\:true
NVIC.UsageFault_IRQn=true\:0\:0\:false\:false\:true\:false
PA10.GPIOParameters=GPIO_Label
PA10.GPIO_Label=TRIG_2ND
PA10.Locked=true
PA10.Signal=GPIO_Output
PA11.GPIOParameters=GPIO_Label
PA11.GPIO_Label=TRIG_1ST
PA11.Locked=true
PA11.Signal=GPIO_Output
PA2.GPIOParameters=GPIO_Label
PA2.GPIO_Label=DEBUG_TX
PA2.Mode=Asynchronous
PA2.Signal=USART2_TX
PA3.GPIOParameters=GPIO_Label
PA3.GPIO_Label=DEBUG_RX
PA3.Mode=Asynchronous
PA3.Signal=USART2_RX
PA9.GPIOParameters=GPIO_Label
PA9.GPIO_Label=LAUNCHDETECT_EXTI
PA9.Locked=true
PA9.Signal=GPXTI9
PB12.GPIOParameters=GPIO_Label
PB12.GPIO_Label=LED_BLUE
PB12.Locked=true
PB12.Signal=GPIO_Output
PB13.GPIOParameters=GPIO_Label
PB13.GPIO_Label=LED_GREEN
PB13.Locked=true
PB13.Signal=GPIO_Output
PB14.GPIOParameters=GPIO_Label
PB14.GPIO_Label=LED_YELLOW
PB14.Locked=true
PB14.Signal=GPIO_Output
PB15.GPIOParameters=GPIO_Label
PB15.GPIO_Label=LED_RED
PB15.Locked=true
PB15.Signal=GPIO_Output
PB6.GPIOParameters=GPIO_Label
PB6.GPIO_Label=GNSS_TX
PB6.Mode=Asynchronous
PB6.Signal=USART1_TX
PB7.GPIOParameters=GPIO_Label
PB7.GPIO_Label=GNSS_RX
PB7.Mode=Asynchronous
PB7.Signal=USART1_RX
PB8.Locked=true
PB8.Mode=I2C
PB8.Signal=I2C1_SCL
PB9.Locked=true
PB9.Mode=I2C
PB9.Signal=I2C1_SDA
PC10.Mode=SD_4_bits_Wide_bus
PC10.Signal=SDMMC1_D2
PC11.Mode=SD_4_bits_Wide_bus
PC11.Signal=SDMMC1_D3
PC12.Mode=SD_4_bits_Wide_bus
PC12.Signal=SDMMC1_CK
PC14-OSC32_IN\ (PC14).Mode=LSE-External-Oscillator
PC14-OSC32_IN\ (PC14).Signal=RCC_OSC32_IN
PC15-OSC32_OUT\ (PC15).Mode=LSE-External-Oscillator
PC15-OSC32_OUT\ (PC15).Signal=RCC_OSC32_OUT
PC8.Mode=SD_4_bits_Wide_bus
PC8.Signal=SDMMC1_D0
PC9.Mode=SD_4_bits_Wide_bus
PC9.Signal=SDMMC1_D1
PCC.Checker=true
PCC.Line=STM32L4x1
PCC.MCU=STM32L431R(B-C)Tx
PCC.PartNumber=STM32L431RBTx
PCC.Seq0=0
PCC.Series=STM32L4
PCC.Temperature=25
PCC.Vdd=3.6
PD2.Mode=SD_4_bits_Wide_bus
PD2.Signal=SDMMC1_CMD
PH0-OSC_IN\ (PH0).Mode=HSE-External-Oscillator
PH0-OSC_IN\ (PH0).Signal=RCC_OSC_IN
PH1-OSC_OUT\ (PH1).Mode=HSE-External-Oscillator
PH1-OSC_OUT\ (PH1).Signal=RCC_OSC_OUT
PinOutPanel.RotationAngle=0
ProjectManager.AskForMigrate=true
ProjectManager.BackupPrevious=false
ProjectManager.CompilerOptimize=3
ProjectManager.ComputerToolchain=false
ProjectManager.CoupleFile=false
ProjectManager.CustomerFirmwarePackage=C\:/Users/feunoir/STM32Cube/Repository/STM32Cube_FW_L4_V1.11.0
ProjectManager.DefaultFWLocation=true
ProjectManager.DeletePrevious=true
ProjectManager.DeviceId=STM32L431RBTx
ProjectManager.FirmwarePackage=STM32Cube FW_L4 V1.11.0
ProjectManager.FreePins=false
ProjectManager.HalAssertFull=false
ProjectManager.HeapSize=0x2000
ProjectManager.KeepUserCode=true
ProjectManager.LastFirmware=true
ProjectManager.LibraryCopy=1
ProjectManager.MainLocation=Src
ProjectManager.PreviousToolchain=TrueSTUDIO
ProjectManager.ProjectBuild=false
ProjectManager.ProjectFileName=Altimeter_HSE20.ioc
ProjectManager.ProjectName=Altimeter_HSE20
ProjectManager.StackSize=0x4000
ProjectManager.TargetToolchain=TrueSTUDIO
ProjectManager.ToolChainLocation=
ProjectManager.UnderRoot=true
ProjectManager.functionlistsort=1-MX_GPIO_Init-GPIO-false-HAL-true,2-MX_DMA_Init-DMA-false-HAL-true,3-SystemClock_Config-RCC-false-HAL-false,4-MX_I2C1_Init-I2C1-false-HAL-true,5-MX_SDMMC1_SD_Init-SDMMC1-false-HAL-true,6-MX_USART1_UART_Init-USART1-false-HAL-true,7-MX_USART2_UART_Init-USART2-false-HAL-true,8-MX_FATFS_Init-FATFS-false-HAL-true,9-MX_TIM2_Init-TIM2-false-HAL-true,10-MX_TIM6_Init-TIM6-false-HAL-true,11-MX_TIM16_Init-TIM16-false-HAL-true,12-MX_TIM15_Init-TIM15-false-HAL-true
RCC.ADCFreq_Value=48000000
RCC.AHBFreq_Value=80000000
RCC.APB1Freq_Value=80000000
RCC.APB1TimFreq_Value=80000000
RCC.APB2Freq_Value=80000000
RCC.APB2TimFreq_Value=80000000
RCC.CortexFreq_Value=80000000
RCC.FCLKCortexFreq_Value=80000000
RCC.FamilyName=M
RCC.HCLKFreq_Value=80000000
RCC.HSE_VALUE=20000000
RCC.HSI48_VALUE=48000000
RCC.HSI_VALUE=16000000
RCC.I2C1Freq_Value=80000000
RCC.I2C2Freq_Value=80000000
RCC.I2C3Freq_Value=80000000
RCC.IPParameters=ADCFreq_Value,AHBFreq_Value,APB1Freq_Value,APB1TimFreq_Value,APB2Freq_Value,APB2TimFreq_Value,CortexFreq_Value,FCLKCortexFreq_Value,FamilyName,HCLKFreq_Value,HSE_VALUE,HSI48_VALUE,HSI_VALUE,I2C1Freq_Value,I2C2Freq_Value,I2C3Freq_Value,LPTIM1Freq_Value,LPTIM2Freq_Value,LPUART1Freq_Value,LSCOPinFreq_Value,LSI_VALUE,MCO1PinFreq_Value,MSI_VALUE,PLLM,PLLN,PLLPoutputFreq_Value,PLLQoutputFreq_Value,PLLRCLKFreq_Value,PLLSAI1N,PLLSAI1PoutputFreq_Value,PLLSAI1QoutputFreq_Value,PLLSAI1RoutputFreq_Value,PLLSourceVirtual,PWRFreq_Value,RCC_MCO1Source,RNGFreq_Value,SAI1Freq_Value,SDMMCFreq_Value,SWPMI1Freq_Value,SYSCLKFreq_VALUE,SYSCLKSource,USART1Freq_Value,USART2Freq_Value,USART3Freq_Value,VCOInputFreq_Value,VCOOutputFreq_Value,VCOSAI1OutputFreq_Value
RCC.LPTIM1Freq_Value=80000000
RCC.LPTIM2Freq_Value=80000000
RCC.LPUART1Freq_Value=80000000
RCC.LSCOPinFreq_Value=32000
RCC.LSI_VALUE=32000
RCC.MCO1PinFreq_Value=20000000
RCC.MSI_VALUE=4000000
RCC.PLLM=5
RCC.PLLN=40
RCC.PLLPoutputFreq_Value=22857142.85714286
RCC.PLLQoutputFreq_Value=80000000
RCC.PLLRCLKFreq_Value=80000000
RCC.PLLSAI1N=24
RCC.PLLSAI1PoutputFreq_Value=13714285.714285715
RCC.PLLSAI1QoutputFreq_Value=48000000
RCC.PLLSAI1RoutputFreq_Value=48000000
RCC.PLLSourceVirtual=RCC_PLLSOURCE_HSE
RCC.PWRFreq_Value=80000000
RCC.RCC_MCO1Source=RCC_MCO1SOURCE_HSE
RCC.RNGFreq_Value=48000000
RCC.SAI1Freq_Value=13714285.714285715
RCC.SDMMCFreq_Value=48000000
RCC.SWPMI1Freq_Value=80000000
RCC.SYSCLKFreq_VALUE=80000000
RCC.SYSCLKSource=RCC_SYSCLKSOURCE_PLLCLK
RCC.USART1Freq_Value=80000000
RCC.USART2Freq_Value=80000000
RCC.USART3Freq_Value=80000000
RCC.VCOInputFreq_Value=4000000
RCC.VCOOutputFreq_Value=160000000
RCC.VCOSAI1OutputFreq_Value=96000000
SDMMC1.ClockDiv=2
SDMMC1.IPParameters=ClockDiv
SH.GPXTI9.0=GPIO_EXTI9
SH.GPXTI9.ConfNb=1
TIM15.IPParameters=Prescaler,Period
TIM15.Period=32000
TIM15.Prescaler=39999
TIM16.IPParameters=Prescaler,Period
TIM16.Period=18000
TIM16.Prescaler=39999
TIM2.IPParameters=Prescaler,Period
TIM2.Period=4294967295
TIM2.Prescaler=79
TIM6.AutoReloadPreload=TIM_AUTORELOAD_PRELOAD_ENABLE
TIM6.IPParameters=Prescaler,AutoReloadPreload,Period
TIM6.Period=1765
TIM6.Prescaler=19338
USART1.BaudRate=460800
USART1.IPParameters=VirtualMode-Asynchronous,BaudRate,WordLength
USART1.VirtualMode-Asynchronous=VM_ASYNC
USART1.WordLength=WORDLENGTH_8B
USART2.BaudRate=921600
USART2.IPParameters=VirtualMode-Asynchronous,BaudRate,WordLength
USART2.VirtualMode-Asynchronous=VM_ASYNC
USART2.WordLength=WORDLENGTH_8B
VP_FATFS_VS_SDIO.Mode=SDIO
VP_FATFS_VS_SDIO.Signal=FATFS_VS_SDIO
VP_SYS_VS_Systick.Mode=SysTick
VP_SYS_VS_Systick.Signal=SYS_VS_Systick
VP_TIM15_VS_ClockSourceINT.Mode=Internal
VP_TIM15_VS_ClockSourceINT.Signal=TIM15_VS_ClockSourceINT
VP_TIM16_VS_ClockSourceINT.Mode=Enable_Timer
VP_TIM16_VS_ClockSourceINT.Signal=TIM16_VS_ClockSourceINT
VP_TIM2_VS_ClockSourceINT.Mode=Internal
VP_TIM2_VS_ClockSourceINT.Signal=TIM2_VS_ClockSourceINT
VP_TIM6_VS_ClockSourceINT.Mode=Enable_Timer
VP_TIM6_VS_ClockSourceINT.Signal=TIM6_VS_ClockSourceINT
board=Altimeter_HSE20
